
Microsoft Visual Studio Solution File, Format Version 12.00
# Visual Studio Version 17
VisualStudioVersion = 17.9.34622.214
MinimumVisualStudioVersion = 10.0.40219.1
Project("{FAE04EC0-301F-11D3-BF4B-00C04F79EFBC}") = "APIBasic", "APIBasic\APIBasic.csproj", "{04B2A0AD-4C5C-4683-938D-500CD88948C0}"
EndProject
Global
	GlobalSection(SolutionConfigurationPlatforms) = preSolution
		Debug|Any CPU = Debug|Any CPU
		Release|Any CPU = Release|Any CPU
	EndGlobalSection
	GlobalSection(ProjectConfigurationPlatforms) = postSolution
		{04B2A0AD-4C5C-4683-938D-500CD88948C0}.Debug|Any CPU.ActiveCfg = Debug|Any CPU
		{04B2A0AD-4C5C-4683-938D-500CD88948C0}.Debug|Any CPU.Build.0 = Debug|Any CPU
		{04B2A0AD-4C5C-4683-938D-500CD88948C0}.Release|Any CPU.ActiveCfg = Release|Any CPU
		{04B2A0AD-4C5C-4683-938D-500CD88948C0}.Release|Any CPU.Build.0 = Release|Any CPU
	EndGlobalSection
	GlobalSection(SolutionProperties) = preSolution
		HideSolutionNode = FALSE
	EndGlobalSection
	GlobalSection(ExtensibilityGlobals) = postSolution
		SolutionGuid = {6A1FA7EF-34DC-4B86-A11D-ADCC20B6F8BD}
	EndGlobalSection
EndGlobal
